
Microsoft Visual Studio Solution File, Format Version 12.00
# Visual Studio Version 17
VisualStudioVersion = 17.1.32407.343
MinimumVisualStudioVersion = 10.0.40219.1
Project("{9A19103F-16F7-4668-BE54-9A1E7A4F7556}") = "ManagerAPI", "ManagerAPI\ManagerAPI.csproj", "{B0B22080-90A7-4866-B0EA-059B47B7E570}"
EndProject
Project("{FAE04EC0-301F-11D3-BF4B-00C04F79EFBC}") = "DAManager", "DAManager\DAManager.csproj", "{0D756106-AEA7-4868-AD4B-B3820C4FE6EC}"
EndProject
Project("{FAE04EC0-301F-11D3-BF4B-00C04F79EFBC}") = "ManagerEntities", "ManagerEntities\ManagerEntities.csproj", "{ED75A3A1-4636-4D78-8378-A69EAF177844}"
EndProject
Global
	GlobalSection(SolutionConfigurationPlatforms) = preSolution
		Debug|Any CPU = Debug|Any CPU
		Release|Any CPU = Release|Any CPU
	EndGlobalSection
	GlobalSection(ProjectConfigurationPlatforms) = postSolution
		{B0B22080-90A7-4866-B0EA-059B47B7E570}.Debug|Any CPU.ActiveCfg = Debug|Any CPU
		{B0B22080-90A7-4866-B0EA-059B47B7E570}.Debug|Any CPU.Build.0 = Debug|Any CPU
		{B0B22080-90A7-4866-B0EA-059B47B7E570}.Release|Any CPU.ActiveCfg = Release|Any CPU
		{B0B22080-90A7-4866-B0EA-059B47B7E570}.Release|Any CPU.Build.0 = Release|Any CPU
		{0D756106-AEA7-4868-AD4B-B3820C4FE6EC}.Debug|Any CPU.ActiveCfg = Debug|Any CPU
		{0D756106-AEA7-4868-AD4B-B3820C4FE6EC}.Debug|Any CPU.Build.0 = Debug|Any CPU
		{0D756106-AEA7-4868-AD4B-B3820C4FE6EC}.Release|Any CPU.ActiveCfg = Release|Any CPU
		{0D756106-AEA7-4868-AD4B-B3820C4FE6EC}.Release|Any CPU.Build.0 = Release|Any CPU
		{ED75A3A1-4636-4D78-8378-A69EAF177844}.Debug|Any CPU.ActiveCfg = Debug|Any CPU
		{ED75A3A1-4636-4D78-8378-A69EAF177844}.Debug|Any CPU.Build.0 = Debug|Any CPU
		{ED75A3A1-4636-4D78-8378-A69EAF177844}.Release|Any CPU.ActiveCfg = Release|Any CPU
		{ED75A3A1-4636-4D78-8378-A69EAF177844}.Release|Any CPU.Build.0 = Release|Any CPU
	EndGlobalSection
	GlobalSection(SolutionProperties) = preSolution
		HideSolutionNode = FALSE
	EndGlobalSection
	GlobalSection(ExtensibilityGlobals) = postSolution
		SolutionGuid = {38CDA0E0-10D4-4D34-9B40-06F1A5C4D8F7}
	EndGlobalSection
EndGlobal
